<?xml version="1.0" encoding="UTF-8"?>
<Scheme
   version = "1.3">
   <BuildAction>
      <BuildActionEntries>
         <BuildActionEntry
            buildForRunning = "YES"
            buildForTesting = "YES">
            <BuildableReference
               BuildableIdentifier = "primary"
               BlueprintIdentifier = "66F6EE6E1B9ADAAA000A24B6"
               BuildableName = "SpectaAndXCTestTests.xctest"
               BlueprintName = "SpectaAndXCTestTests"
               ReferencedContainer = "container:SpectaAndXCTest.xcodeproj">
            </BuildableReference>
         </BuildActionEntry>
      </BuildActionEntries>
   </BuildAction>
   <TestAction
      buildConfiguration = "Debug">
      <Testables>
         <TestableReference>
            <BuildableReference
               BuildableIdentifier = "primary"
               BlueprintIdentifier = "66F6EE6E1B9ADAAA000A24B6"
               BuildableName = "SpectaAndXCTestTests.xctest"
               BlueprintName = "SpectaAndXCTestTests"
               ReferencedContainer = "container:SpectaAndXCTest.xcodeproj">
            </BuildableReference>
            <SkippedTests>
               <Test
                  Identifier = "ABLinkedListXCTests">
               </Test>
            </SkippedTests>
         </TestableReference>
      </Testables>
   </TestAction>
   <LaunchAction
      useCustomWorkingDirectory = "NO">
   </LaunchAction>
</Scheme>
